
Microsoft Visual Studio Solution File, Format Version 11.00
# Visual Studio 2010
Project("{FAE04EC0-301F-11D3-BF4B-00C04F79EFBC}") = "TransactionModel", "TransactionModel\TransactionModel.csproj", "{9AE20600-407F-4BC0-93BE-C85BB86A9411}"
EndProject
Project("{FAE04EC0-301F-11D3-BF4B-00C04F79EFBC}") = "TransactionModelTest", "TransactionModelTest\TransactionModelTest.csproj", "{67B21638-9A49-4BE7-9DC9-809AB579806B}"
EndProject
Project("{2150E333-8FDC-42A3-9474-1A3956D46DE8}") = "Solution Items", "Solution Items", "{C61A093C-7F7B-4F09-AAF0-0FF90A19757C}"
	ProjectSection(SolutionItems) = preProject
		Local.testsettings = Local.testsettings
		TraceAndTestImpact.testsettings = TraceAndTestImpact.testsettings
		Transaction.vsmdi = Transaction.vsmdi
	EndProjectSection
EndProject
Project("{FAE04EC0-301F-11D3-BF4B-00C04F79EFBC}") = "TransactionServiceAdaptor", "TransactionServiceAdaptor\TransactionServiceAdaptor.csproj", "{97AAE905-B922-4E11-84A2-628BC3E55633}"
EndProject
Project("{FAE04EC0-301F-11D3-BF4B-00C04F79EFBC}") = "TransactionServiceAdaptorTest", "TransactionServiceAdaptorTest\TransactionServiceAdaptorTest.csproj", "{A5C23FE0-AF99-4DC2-8BCA-64CD5E03B518}"
EndProject
Project("{2150E333-8FDC-42A3-9474-1A3956D46DE8}") = "Applications", "Applications", "{BEC8126E-3E5A-4808-8E37-E7748D9EB036}"
EndProject
Project("{2150E333-8FDC-42A3-9474-1A3956D46DE8}") = "ReconciliationProcessor", "ReconciliationProcessor", "{F4F459D3-553D-4770-95E6-801379076F74}"
EndProject
Project("{2150E333-8FDC-42A3-9474-1A3956D46DE8}") = "ReconciliationFileReader", "ReconciliationFileReader", "{6B1A4C86-A91B-4E25-AF28-92BCBB1F2DD4}"
EndProject
Project("{FAE04EC0-301F-11D3-BF4B-00C04F79EFBC}") = "ReconciliationFileReader", "ReconciliationFileReader\ReconciliationFileReader.csproj", "{75F47F9E-8999-4259-B87E-A2768D4CA76A}"
EndProject
Project("{FAE04EC0-301F-11D3-BF4B-00C04F79EFBC}") = "ReconciliationFileReaderTest", "ReconciliationFileReaderTest\ReconciliationFileReaderTest.csproj", "{533022D3-A5BB-4611-9260-5F74A5EF6B5B}"
EndProject
Project("{FAE04EC0-301F-11D3-BF4B-00C04F79EFBC}") = "ReconciliationFileReaderWinSrv", "ReconciliationFileReaderWinSrv\ReconciliationFileReaderWinSrv.csproj", "{5B465F8A-BAE5-495A-9E15-E900BAA987DD}"
EndProject
Project("{FAE04EC0-301F-11D3-BF4B-00C04F79EFBC}") = "ReaderConsole", "ReaderConsole\ReaderConsole.csproj", "{D3DF1FD5-618D-4D2F-B730-3D9D0B8DBC9A}"
EndProject
Project("{FAE04EC0-301F-11D3-BF4B-00C04F79EFBC}") = "ReconciliationFileProcessor", "ReconciliationFileProcessor\ReconciliationFileProcessor.csproj", "{311A819B-F24A-474B-BCA2-CE7268FE6580}"
EndProject
Project("{FAE04EC0-301F-11D3-BF4B-00C04F79EFBC}") = "ReconciliationFileProcessorTest", "ReconciliationFileProcessorTest\ReconciliationFileProcessorTest.csproj", "{11E4D537-B412-4EED-A920-045737BA89EA}"
EndProject
Project("{2150E333-8FDC-42A3-9474-1A3956D46DE8}") = "TransactionService", "TransactionService", "{A7D461A8-D1F3-4A9F-8B9C-F93BA869B6F7}"
EndProject
Project("{FAE04EC0-301F-11D3-BF4B-00C04F79EFBC}") = "TransactionServiceInterface", "TransactionServiceInterface\TransactionServiceInterface.csproj", "{B28E51EB-6520-4374-B4F0-0AEE1EB7BF3D}"
EndProject
Project("{FAE04EC0-301F-11D3-BF4B-00C04F79EFBC}") = "TransactionServiceImpl", "TransactionServiceImpl\TransactionServiceImpl.csproj", "{C33DA03A-6328-4156-845D-3F73EA1B5B59}"
EndProject
Project("{2150E333-8FDC-42A3-9474-1A3956D46DE8}") = "TransactionFrontEnd", "TransactionFrontEnd", "{1E03D17A-619A-4120-859B-199ECEA2F519}"
EndProject
Project("{FAE04EC0-301F-11D3-BF4B-00C04F79EFBC}") = "TransactionFrontEnd", "TransactionFrontEnd\TransactionFrontEnd.csproj", "{9677979A-9154-4D0E-8980-9A49F98FF1A0}"
EndProject
Project("{E24C65DC-7377-472B-9ABA-BC803B73C61A}") = "WebTransactionFrontEnd", "WebTransactionFrontEnd\", "{607EE030-507D-46F7-A41C-B03106AEE8D8}"
	ProjectSection(WebsiteProperties) = preProject
		SccProjectName = ""$/CarPass Solution Dev/Transaction.root/Transaction", BQGDAAAA"
		SccAuxPath = ""
		SccLocalPath = ".."
		SccProvider = "MSSCCI:Microsoft Visual SourceSafe"
		TargetFrameworkMoniker = ".NETFramework,Version%3Dv4.0"
		ProjectReferences = "{9677979A-9154-4D0E-8980-9A49F98FF1A0}|TransactionFrontEnd.dll;{9AE20600-407F-4BC0-93BE-C85BB86A9411}|TransactionModel.dll;{97AAE905-B922-4E11-84A2-628BC3E55633}|TransactionServiceAdaptor.dll;{EC3BE02B-F28F-470C-B6E0-EE6626D050FC}|WcfTransactionService.dll;{C33DA03A-6328-4156-845D-3F73EA1B5B59}|TransactionServiceImpl.dll;{B28E51EB-6520-4374-B4F0-0AEE1EB7BF3D}|TransactionServiceInterface.dll;{47FE0268-EFFB-4A60-83D1-6B66D7182193}|TransactionCommon.dll;"
		Debug.AspNetCompiler.VirtualPath = "/WebTransactionFrontEnd"
		Debug.AspNetCompiler.PhysicalPath = "WebTransactionFrontEnd\"
		Debug.AspNetCompiler.TargetPath = "PrecompiledWeb\WebTransactionFrontEnd\"
		Debug.AspNetCompiler.Updateable = "true"
		Debug.AspNetCompiler.ForceOverwrite = "true"
		Debug.AspNetCompiler.FixedNames = "false"
		Debug.AspNetCompiler.Debug = "True"
		Release.AspNetCompiler.VirtualPath = "/WebTransactionFrontEnd"
		Release.AspNetCompiler.PhysicalPath = "WebTransactionFrontEnd\"
		Release.AspNetCompiler.TargetPath = "PrecompiledWeb\WebTransactionFrontEnd\"
		Release.AspNetCompiler.Updateable = "true"
		Release.AspNetCompiler.ForceOverwrite = "true"
		Release.AspNetCompiler.FixedNames = "false"
		Release.AspNetCompiler.Debug = "False"
		VWDPort = "5746"
		VWDDynamicPort = "false"
		DefaultWebSiteLanguage = "Visual C#"
	EndProjectSection
EndProject
Project("{FAE04EC0-301F-11D3-BF4B-00C04F79EFBC}") = "WcfTransactionService", "WcfTransactionService\WcfTransactionService.csproj", "{EC3BE02B-F28F-470C-B6E0-EE6626D050FC}"
EndProject
Project("{2150E333-8FDC-42A3-9474-1A3956D46DE8}") = "InstallmentUpdatingScheduler", "InstallmentUpdatingScheduler", "{2B30E992-3D07-403D-A4C2-5B5787BAE149}"
EndProject
Project("{FAE04EC0-301F-11D3-BF4B-00C04F79EFBC}") = "InstallmentUpdatingScheduler", "InstallmentUpdatingScheduler\InstallmentUpdatingScheduler.csproj", "{2C899289-6128-405E-A755-22DFEB11E0CB}"
EndProject
Project("{FAE04EC0-301F-11D3-BF4B-00C04F79EFBC}") = "ConsoleInstallmentUpdator", "ConsoleInstallmentUpdator\ConsoleInstallmentUpdator.csproj", "{07F69C55-AB41-4058-A8CD-553C11F162D3}"
EndProject
Project("{FAE04EC0-301F-11D3-BF4B-00C04F79EFBC}") = "InstallmentUpdatingSchedulerTest", "InstallmentUpdatingSchedulerTest\InstallmentUpdatingSchedulerTest.csproj", "{63523CE3-A3D7-4824-928F-E280DCC46883}"
EndProject
Project("{FAE04EC0-301F-11D3-BF4B-00C04F79EFBC}") = "ProcessorConsole", "ProcessorConsole\ProcessorConsole.csproj", "{DA5ABC3D-D77A-42D5-809F-C78C1A122619}"
EndProject
Project("{FAE04EC0-301F-11D3-BF4B-00C04F79EFBC}") = "TestTransactionService", "TestTransactionService\TestTransactionService.csproj", "{7834BCAE-92EC-419F-BE6C-D1B221802E7F}"
	ProjectSection(ProjectDependencies) = postProject
		{EC3BE02B-F28F-470C-B6E0-EE6626D050FC} = {EC3BE02B-F28F-470C-B6E0-EE6626D050FC}
	EndProjectSection
EndProject
Project("{FAE04EC0-301F-11D3-BF4B-00C04F79EFBC}") = "ReconciliationProcessorWinSrv", "ReconciliationProcessorWinSrv\ReconciliationProcessorWinSrv.csproj", "{FF6D09B3-2193-40E9-8C77-4643F3A82034}"
EndProject
Project("{FAE04EC0-301F-11D3-BF4B-00C04F79EFBC}") = "InstallmentServiceWinSrv", "InstallmentServiceWinSrv\InstallmentServiceWinSrv.csproj", "{58F23B7A-8B00-4DB3-AFB7-85B977939C8B}"
EndProject
Project("{FAE04EC0-301F-11D3-BF4B-00C04F79EFBC}") = "TransactionCommon", "TransactionCommon\TransactionCommon.csproj", "{47FE0268-EFFB-4A60-83D1-6B66D7182193}"
EndProject
Project("{2150E333-8FDC-42A3-9474-1A3956D46DE8}") = "src", "src", "{743F5C4B-EC96-4174-BA11-F788AC120E96}"
EndProject
Project("{2150E333-8FDC-42A3-9474-1A3956D46DE8}") = "common", "common", "{8F257455-A4E3-4980-B60F-D3BE6063AB35}"
EndProject
Project("{2150E333-8FDC-42A3-9474-1A3956D46DE8}") = "setup", "setup", "{AB5483AE-73C9-4446-BD2E-1FA331A4502D}"
EndProject
Project("{2150E333-8FDC-42A3-9474-1A3956D46DE8}") = "test", "test", "{4E23A281-4104-41C4-B5E3-5A837366AB84}"
EndProject
Project("{FAE04EC0-301F-11D3-BF4B-00C04F79EFBC}") = "CarPass.Transaction.Application.Common", "CarPass.Transaction.ApplicationCommon\CarPass.Transaction.Application.Common.csproj", "{DA3FD210-2B1D-4F16-9116-7F16C8BF9F5F}"
EndProject
Global
	GlobalSection(TestCaseManagementSettings) = postSolution
		CategoryFile = Transaction.vsmdi
	EndGlobalSection
	GlobalSection(SolutionConfigurationPlatforms) = preSolution
		Debug|Any CPU = Debug|Any CPU
		Debug|Mixed Platforms = Debug|Mixed Platforms
		Debug|x86 = Debug|x86
		Release|Any CPU = Release|Any CPU
		Release|Mixed Platforms = Release|Mixed Platforms
		Release|x86 = Release|x86
	EndGlobalSection
	GlobalSection(ProjectConfigurationPlatforms) = postSolution
		{9AE20600-407F-4BC0-93BE-C85BB86A9411}.Debug|Any CPU.ActiveCfg = Debug|Any CPU
		{9AE20600-407F-4BC0-93BE-C85BB86A9411}.Debug|Any CPU.Build.0 = Debug|Any CPU
		{9AE20600-407F-4BC0-93BE-C85BB86A9411}.Debug|Mixed Platforms.ActiveCfg = Debug|Any CPU
		{9AE20600-407F-4BC0-93BE-C85BB86A9411}.Debug|Mixed Platforms.Build.0 = Debug|Any CPU
		{9AE20600-407F-4BC0-93BE-C85BB86A9411}.Debug|x86.ActiveCfg = Debug|Any CPU
		{9AE20600-407F-4BC0-93BE-C85BB86A9411}.Release|Any CPU.ActiveCfg = Release|Any CPU
		{9AE20600-407F-4BC0-93BE-C85BB86A9411}.Release|Any CPU.Build.0 = Release|Any CPU
		{9AE20600-407F-4BC0-93BE-C85BB86A9411}.Release|Mixed Platforms.ActiveCfg = Release|Any CPU
		{9AE20600-407F-4BC0-93BE-C85BB86A9411}.Release|Mixed Platforms.Build.0 = Release|Any CPU
		{9AE20600-407F-4BC0-93BE-C85BB86A9411}.Release|x86.ActiveCfg = Release|Any CPU
		{67B21638-9A49-4BE7-9DC9-809AB579806B}.Debug|Any CPU.ActiveCfg = Debug|Any CPU
		{67B21638-9A49-4BE7-9DC9-809AB579806B}.Debug|Any CPU.Build.0 = Debug|Any CPU
		{67B21638-9A49-4BE7-9DC9-809AB579806B}.Debug|Mixed Platforms.ActiveCfg = Debug|Any CPU
		{67B21638-9A49-4BE7-9DC9-809AB579806B}.Debug|Mixed Platforms.Build.0 = Debug|Any CPU
		{67B21638-9A49-4BE7-9DC9-809AB579806B}.Debug|x86.ActiveCfg = Debug|Any CPU
		{67B21638-9A49-4BE7-9DC9-809AB579806B}.Release|Any CPU.ActiveCfg = Release|Any CPU
		{67B21638-9A49-4BE7-9DC9-809AB579806B}.Release|Any CPU.Build.0 = Release|Any CPU
		{67B21638-9A49-4BE7-9DC9-809AB579806B}.Release|Mixed Platforms.ActiveCfg = Release|Any CPU
		{67B21638-9A49-4BE7-9DC9-809AB579806B}.Release|Mixed Platforms.Build.0 = Release|Any CPU
		{67B21638-9A49-4BE7-9DC9-809AB579806B}.Release|x86.ActiveCfg = Release|Any CPU
		{97AAE905-B922-4E11-84A2-628BC3E55633}.Debug|Any CPU.ActiveCfg = Debug|Any CPU
		{97AAE905-B922-4E11-84A2-628BC3E55633}.Debug|Any CPU.Build.0 = Debug|Any CPU
		{97AAE905-B922-4E11-84A2-628BC3E55633}.Debug|Mixed Platforms.ActiveCfg = Debug|Any CPU
		{97AAE905-B922-4E11-84A2-628BC3E55633}.Debug|Mixed Platforms.Build.0 = Debug|Any CPU
		{97AAE905-B922-4E11-84A2-628BC3E55633}.Debug|x86.ActiveCfg = Debug|Any CPU
		{97AAE905-B922-4E11-84A2-628BC3E55633}.Release|Any CPU.ActiveCfg = Release|Any CPU
		{97AAE905-B922-4E11-84A2-628BC3E55633}.Release|Any CPU.Build.0 = Release|Any CPU
		{97AAE905-B922-4E11-84A2-628BC3E55633}.Release|Mixed Platforms.ActiveCfg = Release|Any CPU
		{97AAE905-B922-4E11-84A2-628BC3E55633}.Release|Mixed Platforms.Build.0 = Release|Any CPU
		{97AAE905-B922-4E11-84A2-628BC3E55633}.Release|x86.ActiveCfg = Release|Any CPU
		{A5C23FE0-AF99-4DC2-8BCA-64CD5E03B518}.Debug|Any CPU.ActiveCfg = Debug|Any CPU
		{A5C23FE0-AF99-4DC2-8BCA-64CD5E03B518}.Debug|Any CPU.Build.0 = Debug|Any CPU
		{A5C23FE0-AF99-4DC2-8BCA-64CD5E03B518}.Debug|Mixed Platforms.ActiveCfg = Debug|Any CPU
		{A5C23FE0-AF99-4DC2-8BCA-64CD5E03B518}.Debug|Mixed Platforms.Build.0 = Debug|Any CPU
		{A5C23FE0-AF99-4DC2-8BCA-64CD5E03B518}.Debug|x86.ActiveCfg = Debug|Any CPU
		{A5C23FE0-AF99-4DC2-8BCA-64CD5E03B518}.Release|Any CPU.ActiveCfg = Release|Any CPU
		{A5C23FE0-AF99-4DC2-8BCA-64CD5E03B518}.Release|Any CPU.Build.0 = Release|Any CPU
		{A5C23FE0-AF99-4DC2-8BCA-64CD5E03B518}.Release|Mixed Platforms.ActiveCfg = Release|Any CPU
		{A5C23FE0-AF99-4DC2-8BCA-64CD5E03B518}.Release|Mixed Platforms.Build.0 = Release|Any CPU
		{A5C23FE0-AF99-4DC2-8BCA-64CD5E03B518}.Release|x86.ActiveCfg = Release|Any CPU
		{75F47F9E-8999-4259-B87E-A2768D4CA76A}.Debug|Any CPU.ActiveCfg = Debug|Any CPU
		{75F47F9E-8999-4259-B87E-A2768D4CA76A}.Debug|Any CPU.Build.0 = Debug|Any CPU
		{75F47F9E-8999-4259-B87E-A2768D4CA76A}.Debug|Mixed Platforms.ActiveCfg = Debug|Any CPU
		{75F47F9E-8999-4259-B87E-A2768D4CA76A}.Debug|Mixed Platforms.Build.0 = Debug|Any CPU
		{75F47F9E-8999-4259-B87E-A2768D4CA76A}.Debug|x86.ActiveCfg = Debug|Any CPU
		{75F47F9E-8999-4259-B87E-A2768D4CA76A}.Release|Any CPU.ActiveCfg = Release|Any CPU
		{75F47F9E-8999-4259-B87E-A2768D4CA76A}.Release|Any CPU.Build.0 = Release|Any CPU
		{75F47F9E-8999-4259-B87E-A2768D4CA76A}.Release|Mixed Platforms.ActiveCfg = Release|Any CPU
		{75F47F9E-8999-4259-B87E-A2768D4CA76A}.Release|Mixed Platforms.Build.0 = Release|Any CPU
		{75F47F9E-8999-4259-B87E-A2768D4CA76A}.Release|x86.ActiveCfg = Release|Any CPU
		{533022D3-A5BB-4611-9260-5F74A5EF6B5B}.Debug|Any CPU.ActiveCfg = Debug|Any CPU
		{533022D3-A5BB-4611-9260-5F74A5EF6B5B}.Debug|Any CPU.Build.0 = Debug|Any CPU
		{533022D3-A5BB-4611-9260-5F74A5EF6B5B}.Debug|Mixed Platforms.ActiveCfg = Debug|Any CPU
		{533022D3-A5BB-4611-9260-5F74A5EF6B5B}.Debug|Mixed Platforms.Build.0 = Debug|Any CPU
		{533022D3-A5BB-4611-9260-5F74A5EF6B5B}.Debug|x86.ActiveCfg = Debug|Any CPU
		{533022D3-A5BB-4611-9260-5F74A5EF6B5B}.Release|Any CPU.ActiveCfg = Release|Any CPU
		{533022D3-A5BB-4611-9260-5F74A5EF6B5B}.Release|Any CPU.Build.0 = Release|Any CPU
		{533022D3-A5BB-4611-9260-5F74A5EF6B5B}.Release|Mixed Platforms.ActiveCfg = Release|Any CPU
		{533022D3-A5BB-4611-9260-5F74A5EF6B5B}.Release|Mixed Platforms.Build.0 = Release|Any CPU
		{533022D3-A5BB-4611-9260-5F74A5EF6B5B}.Release|x86.ActiveCfg = Release|Any CPU
		{5B465F8A-BAE5-495A-9E15-E900BAA987DD}.Debug|Any CPU.ActiveCfg = Debug|x86
		{5B465F8A-BAE5-495A-9E15-E900BAA987DD}.Debug|Mixed Platforms.ActiveCfg = Debug|x86
		{5B465F8A-BAE5-495A-9E15-E900BAA987DD}.Debug|Mixed Platforms.Build.0 = Debug|x86
		{5B465F8A-BAE5-495A-9E15-E900BAA987DD}.Debug|x86.ActiveCfg = Debug|x86
		{5B465F8A-BAE5-495A-9E15-E900BAA987DD}.Debug|x86.Build.0 = Debug|x86
		{5B465F8A-BAE5-495A-9E15-E900BAA987DD}.Release|Any CPU.ActiveCfg = Release|x86
		{5B465F8A-BAE5-495A-9E15-E900BAA987DD}.Release|Mixed Platforms.ActiveCfg = Release|x86
		{5B465F8A-BAE5-495A-9E15-E900BAA987DD}.Release|Mixed Platforms.Build.0 = Release|x86
		{5B465F8A-BAE5-495A-9E15-E900BAA987DD}.Release|x86.ActiveCfg = Release|x86
		{5B465F8A-BAE5-495A-9E15-E900BAA987DD}.Release|x86.Build.0 = Release|x86
		{D3DF1FD5-618D-4D2F-B730-3D9D0B8DBC9A}.Debug|Any CPU.ActiveCfg = Debug|x86
		{D3DF1FD5-618D-4D2F-B730-3D9D0B8DBC9A}.Debug|Mixed Platforms.ActiveCfg = Debug|x86
		{D3DF1FD5-618D-4D2F-B730-3D9D0B8DBC9A}.Debug|Mixed Platforms.Build.0 = Debug|x86
		{D3DF1FD5-618D-4D2F-B730-3D9D0B8DBC9A}.Debug|x86.ActiveCfg = Debug|x86
		{D3DF1FD5-618D-4D2F-B730-3D9D0B8DBC9A}.Debug|x86.Build.0 = Debug|x86
		{D3DF1FD5-618D-4D2F-B730-3D9D0B8DBC9A}.Release|Any CPU.ActiveCfg = Release|x86
		{D3DF1FD5-618D-4D2F-B730-3D9D0B8DBC9A}.Release|Mixed Platforms.ActiveCfg = Release|x86
		{D3DF1FD5-618D-4D2F-B730-3D9D0B8DBC9A}.Release|Mixed Platforms.Build.0 = Release|x86
		{D3DF1FD5-618D-4D2F-B730-3D9D0B8DBC9A}.Release|x86.ActiveCfg = Release|x86
		{D3DF1FD5-618D-4D2F-B730-3D9D0B8DBC9A}.Release|x86.Build.0 = Release|x86
		{311A819B-F24A-474B-BCA2-CE7268FE6580}.Debug|Any CPU.ActiveCfg = Debug|Any CPU
		{311A819B-F24A-474B-BCA2-CE7268FE6580}.Debug|Any CPU.Build.0 = Debug|Any CPU
		{311A819B-F24A-474B-BCA2-CE7268FE6580}.Debug|Mixed Platforms.ActiveCfg = Debug|Any CPU
		{311A819B-F24A-474B-BCA2-CE7268FE6580}.Debug|Mixed Platforms.Build.0 = Debug|Any CPU
		{311A819B-F24A-474B-BCA2-CE7268FE6580}.Debug|x86.ActiveCfg = Debug|Any CPU
		{311A819B-F24A-474B-BCA2-CE7268FE6580}.Release|Any CPU.ActiveCfg = Release|Any CPU
		{311A819B-F24A-474B-BCA2-CE7268FE6580}.Release|Any CPU.Build.0 = Release|Any CPU
		{311A819B-F24A-474B-BCA2-CE7268FE6580}.Release|Mixed Platforms.ActiveCfg = Release|Any CPU
		{311A819B-F24A-474B-BCA2-CE7268FE6580}.Release|Mixed Platforms.Build.0 = Release|Any CPU
		{311A819B-F24A-474B-BCA2-CE7268FE6580}.Release|x86.ActiveCfg = Release|Any CPU
		{11E4D537-B412-4EED-A920-045737BA89EA}.Debug|Any CPU.ActiveCfg = Debug|Any CPU
		{11E4D537-B412-4EED-A920-045737BA89EA}.Debug|Any CPU.Build.0 = Debug|Any CPU
		{11E4D537-B412-4EED-A920-045737BA89EA}.Debug|Mixed Platforms.ActiveCfg = Debug|Any CPU
		{11E4D537-B412-4EED-A920-045737BA89EA}.Debug|Mixed Platforms.Build.0 = Debug|Any CPU
		{11E4D537-B412-4EED-A920-045737BA89EA}.Debug|x86.ActiveCfg = Debug|Any CPU
		{11E4D537-B412-4EED-A920-045737BA89EA}.Release|Any CPU.ActiveCfg = Release|Any CPU
		{11E4D537-B412-4EED-A920-045737BA89EA}.Release|Any CPU.Build.0 = Release|Any CPU
		{11E4D537-B412-4EED-A920-045737BA89EA}.Release|Mixed Platforms.ActiveCfg = Release|Any CPU
		{11E4D537-B412-4EED-A920-045737BA89EA}.Release|Mixed Platforms.Build.0 = Release|Any CPU
		{11E4D537-B412-4EED-A920-045737BA89EA}.Release|x86.ActiveCfg = Release|Any CPU
		{B28E51EB-6520-4374-B4F0-0AEE1EB7BF3D}.Debug|Any CPU.ActiveCfg = Debug|Any CPU
		{B28E51EB-6520-4374-B4F0-0AEE1EB7BF3D}.Debug|Any CPU.Build.0 = Debug|Any CPU
		{B28E51EB-6520-4374-B4F0-0AEE1EB7BF3D}.Debug|Mixed Platforms.ActiveCfg = Debug|Any CPU
		{B28E51EB-6520-4374-B4F0-0AEE1EB7BF3D}.Debug|Mixed Platforms.Build.0 = Debug|Any CPU
		{B28E51EB-6520-4374-B4F0-0AEE1EB7BF3D}.Debug|x86.ActiveCfg = Debug|Any CPU
		{B28E51EB-6520-4374-B4F0-0AEE1EB7BF3D}.Release|Any CPU.ActiveCfg = Release|Any CPU
		{B28E51EB-6520-4374-B4F0-0AEE1EB7BF3D}.Release|Any CPU.Build.0 = Release|Any CPU
		{B28E51EB-6520-4374-B4F0-0AEE1EB7BF3D}.Release|Mixed Platforms.ActiveCfg = Release|Any CPU
		{B28E51EB-6520-4374-B4F0-0AEE1EB7BF3D}.Release|Mixed Platforms.Build.0 = Release|Any CPU
		{B28E51EB-6520-4374-B4F0-0AEE1EB7BF3D}.Release|x86.ActiveCfg = Release|Any CPU
		{C33DA03A-6328-4156-845D-3F73EA1B5B59}.Debug|Any CPU.ActiveCfg = Debug|Any CPU
		{C33DA03A-6328-4156-845D-3F73EA1B5B59}.Debug|Any CPU.Build.0 = Debug|Any CPU
		{C33DA03A-6328-4156-845D-3F73EA1B5B59}.Debug|Mixed Platforms.ActiveCfg = Debug|Any CPU
		{C33DA03A-6328-4156-845D-3F73EA1B5B59}.Debug|Mixed Platforms.Build.0 = Debug|Any CPU
		{C33DA03A-6328-4156-845D-3F73EA1B5B59}.Debug|x86.ActiveCfg = Debug|Any CPU
		{C33DA03A-6328-4156-845D-3F73EA1B5B59}.Release|Any CPU.ActiveCfg = Release|Any CPU
		{C33DA03A-6328-4156-845D-3F73EA1B5B59}.Release|Any CPU.Build.0 = Release|Any CPU
		{C33DA03A-6328-4156-845D-3F73EA1B5B59}.Release|Mixed Platforms.ActiveCfg = Release|Any CPU
		{C33DA03A-6328-4156-845D-3F73EA1B5B59}.Release|Mixed Platforms.Build.0 = Release|Any CPU
		{C33DA03A-6328-4156-845D-3F73EA1B5B59}.Release|x86.ActiveCfg = Release|Any CPU
		{9677979A-9154-4D0E-8980-9A49F98FF1A0}.Debug|Any CPU.ActiveCfg = Debug|Any CPU
		{9677979A-9154-4D0E-8980-9A49F98FF1A0}.Debug|Any CPU.Build.0 = Debug|Any CPU
		{9677979A-9154-4D0E-8980-9A49F98FF1A0}.Debug|Mixed Platforms.ActiveCfg = Debug|Any CPU
		{9677979A-9154-4D0E-8980-9A49F98FF1A0}.Debug|Mixed Platforms.Build.0 = Debug|Any CPU
		{9677979A-9154-4D0E-8980-9A49F98FF1A0}.Debug|x86.ActiveCfg = Debug|Any CPU
		{9677979A-9154-4D0E-8980-9A49F98FF1A0}.Release|Any CPU.ActiveCfg = Release|Any CPU
		{9677979A-9154-4D0E-8980-9A49F98FF1A0}.Release|Any CPU.Build.0 = Release|Any CPU
		{9677979A-9154-4D0E-8980-9A49F98FF1A0}.Release|Mixed Platforms.ActiveCfg = Release|Any CPU
		{9677979A-9154-4D0E-8980-9A49F98FF1A0}.Release|Mixed Platforms.Build.0 = Release|Any CPU
		{9677979A-9154-4D0E-8980-9A49F98FF1A0}.Release|x86.ActiveCfg = Release|Any CPU
		{607EE030-507D-46F7-A41C-B03106AEE8D8}.Debug|Any CPU.ActiveCfg = Debug|Any CPU
		{607EE030-507D-46F7-A41C-B03106AEE8D8}.Debug|Any CPU.Build.0 = Debug|Any CPU
		{607EE030-507D-46F7-A41C-B03106AEE8D8}.Debug|Mixed Platforms.ActiveCfg = Debug|Any CPU
		{607EE030-507D-46F7-A41C-B03106AEE8D8}.Debug|Mixed Platforms.Build.0 = Debug|Any CPU
		{607EE030-507D-46F7-A41C-B03106AEE8D8}.Debug|x86.ActiveCfg = Debug|Any CPU
		{607EE030-507D-46F7-A41C-B03106AEE8D8}.Release|Any CPU.ActiveCfg = Debug|Any CPU
		{607EE030-507D-46F7-A41C-B03106AEE8D8}.Release|Any CPU.Build.0 = Debug|Any CPU
		{607EE030-507D-46F7-A41C-B03106AEE8D8}.Release|Mixed Platforms.ActiveCfg = Debug|Any CPU
		{607EE030-507D-46F7-A41C-B03106AEE8D8}.Release|Mixed Platforms.Build.0 = Debug|Any CPU
		{607EE030-507D-46F7-A41C-B03106AEE8D8}.Release|x86.ActiveCfg = Debug|Any CPU
		{EC3BE02B-F28F-470C-B6E0-EE6626D050FC}.Debug|Any CPU.ActiveCfg = Debug|Any CPU
		{EC3BE02B-F28F-470C-B6E0-EE6626D050FC}.Debug|Any CPU.Build.0 = Debug|Any CPU
		{EC3BE02B-F28F-470C-B6E0-EE6626D050FC}.Debug|Mixed Platforms.ActiveCfg = Debug|Any CPU
		{EC3BE02B-F28F-470C-B6E0-EE6626D050FC}.Debug|Mixed Platforms.Build.0 = Debug|Any CPU
		{EC3BE02B-F28F-470C-B6E0-EE6626D050FC}.Debug|x86.ActiveCfg = Debug|Any CPU
		{EC3BE02B-F28F-470C-B6E0-EE6626D050FC}.Release|Any CPU.ActiveCfg = Release|Any CPU
		{EC3BE02B-F28F-470C-B6E0-EE6626D050FC}.Release|Any CPU.Build.0 = Release|Any CPU
		{EC3BE02B-F28F-470C-B6E0-EE6626D050FC}.Release|Mixed Platforms.ActiveCfg = Release|Any CPU
		{EC3BE02B-F28F-470C-B6E0-EE6626D050FC}.Release|Mixed Platforms.Build.0 = Release|Any CPU
		{EC3BE02B-F28F-470C-B6E0-EE6626D050FC}.Release|x86.ActiveCfg = Release|Any CPU
		{2C899289-6128-405E-A755-22DFEB11E0CB}.Debug|Any CPU.ActiveCfg = Debug|Any CPU
		{2C899289-6128-405E-A755-22DFEB11E0CB}.Debug|Any CPU.Build.0 = Debug|Any CPU
		{2C899289-6128-405E-A755-22DFEB11E0CB}.Debug|Mixed Platforms.ActiveCfg = Debug|Any CPU
		{2C899289-6128-405E-A755-22DFEB11E0CB}.Debug|Mixed Platforms.Build.0 = Debug|Any CPU
		{2C899289-6128-405E-A755-22DFEB11E0CB}.Debug|x86.ActiveCfg = Debug|Any CPU
		{2C899289-6128-405E-A755-22DFEB11E0CB}.Release|Any CPU.ActiveCfg = Release|Any CPU
		{2C899289-6128-405E-A755-22DFEB11E0CB}.Release|Any CPU.Build.0 = Release|Any CPU
		{2C899289-6128-405E-A755-22DFEB11E0CB}.Release|Mixed Platforms.ActiveCfg = Release|Any CPU
		{2C899289-6128-405E-A755-22DFEB11E0CB}.Release|Mixed Platforms.Build.0 = Release|Any CPU
		{2C899289-6128-405E-A755-22DFEB11E0CB}.Release|x86.ActiveCfg = Release|Any CPU
		{07F69C55-AB41-4058-A8CD-553C11F162D3}.Debug|Any CPU.ActiveCfg = Debug|x86
		{07F69C55-AB41-4058-A8CD-553C11F162D3}.Debug|Mixed Platforms.ActiveCfg = Debug|x86
		{07F69C55-AB41-4058-A8CD-553C11F162D3}.Debug|Mixed Platforms.Build.0 = Debug|x86
		{07F69C55-AB41-4058-A8CD-553C11F162D3}.Debug|x86.ActiveCfg = Debug|x86
		{07F69C55-AB41-4058-A8CD-553C11F162D3}.Debug|x86.Build.0 = Debug|x86
		{07F69C55-AB41-4058-A8CD-553C11F162D3}.Release|Any CPU.ActiveCfg = Release|x86
		{07F69C55-AB41-4058-A8CD-553C11F162D3}.Release|Mixed Platforms.ActiveCfg = Release|x86
		{07F69C55-AB41-4058-A8CD-553C11F162D3}.Release|Mixed Platforms.Build.0 = Release|x86
		{07F69C55-AB41-4058-A8CD-553C11F162D3}.Release|x86.ActiveCfg = Release|x86
		{07F69C55-AB41-4058-A8CD-553C11F162D3}.Release|x86.Build.0 = Release|x86
		{63523CE3-A3D7-4824-928F-E280DCC46883}.Debug|Any CPU.ActiveCfg = Debug|Any CPU
		{63523CE3-A3D7-4824-928F-E280DCC46883}.Debug|Any CPU.Build.0 = Debug|Any CPU
		{63523CE3-A3D7-4824-928F-E280DCC46883}.Debug|Mixed Platforms.ActiveCfg = Debug|Any CPU
		{63523CE3-A3D7-4824-928F-E280DCC46883}.Debug|Mixed Platforms.Build.0 = Debug|Any CPU
		{63523CE3-A3D7-4824-928F-E280DCC46883}.Debug|x86.ActiveCfg = Debug|Any CPU
		{63523CE3-A3D7-4824-928F-E280DCC46883}.Release|Any CPU.ActiveCfg = Release|Any CPU
		{63523CE3-A3D7-4824-928F-E280DCC46883}.Release|Any CPU.Build.0 = Release|Any CPU
		{63523CE3-A3D7-4824-928F-E280DCC46883}.Release|Mixed Platforms.ActiveCfg = Release|Any CPU
		{63523CE3-A3D7-4824-928F-E280DCC46883}.Release|Mixed Platforms.Build.0 = Release|Any CPU
		{63523CE3-A3D7-4824-928F-E280DCC46883}.Release|x86.ActiveCfg = Release|Any CPU
		{DA5ABC3D-D77A-42D5-809F-C78C1A122619}.Debug|Any CPU.ActiveCfg = Debug|x86
		{DA5ABC3D-D77A-42D5-809F-C78C1A122619}.Debug|Mixed Platforms.ActiveCfg = Debug|x86
		{DA5ABC3D-D77A-42D5-809F-C78C1A122619}.Debug|Mixed Platforms.Build.0 = Debug|x86
		{DA5ABC3D-D77A-42D5-809F-C78C1A122619}.Debug|x86.ActiveCfg = Debug|x86
		{DA5ABC3D-D77A-42D5-809F-C78C1A122619}.Debug|x86.Build.0 = Debug|x86
		{DA5ABC3D-D77A-42D5-809F-C78C1A122619}.Release|Any CPU.ActiveCfg = Release|x86
		{DA5ABC3D-D77A-42D5-809F-C78C1A122619}.Release|Mixed Platforms.ActiveCfg = Release|x86
		{DA5ABC3D-D77A-42D5-809F-C78C1A122619}.Release|Mixed Platforms.Build.0 = Release|x86
		{DA5ABC3D-D77A-42D5-809F-C78C1A122619}.Release|x86.ActiveCfg = Release|x86
		{DA5ABC3D-D77A-42D5-809F-C78C1A122619}.Release|x86.Build.0 = Release|x86
		{7834BCAE-92EC-419F-BE6C-D1B221802E7F}.Debug|Any CPU.ActiveCfg = Debug|Any CPU
		{7834BCAE-92EC-419F-BE6C-D1B221802E7F}.Debug|Any CPU.Build.0 = Debug|Any CPU
		{7834BCAE-92EC-419F-BE6C-D1B221802E7F}.Debug|Mixed Platforms.ActiveCfg = Debug|Any CPU
		{7834BCAE-92EC-419F-BE6C-D1B221802E7F}.Debug|Mixed Platforms.Build.0 = Debug|Any CPU
		{7834BCAE-92EC-419F-BE6C-D1B221802E7F}.Debug|x86.ActiveCfg = Debug|Any CPU
		{7834BCAE-92EC-419F-BE6C-D1B221802E7F}.Release|Any CPU.ActiveCfg = Release|Any CPU
		{7834BCAE-92EC-419F-BE6C-D1B221802E7F}.Release|Any CPU.Build.0 = Release|Any CPU
		{7834BCAE-92EC-419F-BE6C-D1B221802E7F}.Release|Mixed Platforms.ActiveCfg = Release|Any CPU
		{7834BCAE-92EC-419F-BE6C-D1B221802E7F}.Release|Mixed Platforms.Build.0 = Release|Any CPU
		{7834BCAE-92EC-419F-BE6C-D1B221802E7F}.Release|x86.ActiveCfg = Release|Any CPU
		{FF6D09B3-2193-40E9-8C77-4643F3A82034}.Debug|Any CPU.ActiveCfg = Debug|x86
		{FF6D09B3-2193-40E9-8C77-4643F3A82034}.Debug|Mixed Platforms.ActiveCfg = Debug|x86
		{FF6D09B3-2193-40E9-8C77-4643F3A82034}.Debug|Mixed Platforms.Build.0 = Debug|x86
		{FF6D09B3-2193-40E9-8C77-4643F3A82034}.Debug|x86.ActiveCfg = Debug|x86
		{FF6D09B3-2193-40E9-8C77-4643F3A82034}.Debug|x86.Build.0 = Debug|x86
		{FF6D09B3-2193-40E9-8C77-4643F3A82034}.Release|Any CPU.ActiveCfg = Release|x86
		{FF6D09B3-2193-40E9-8C77-4643F3A82034}.Release|Mixed Platforms.ActiveCfg = Release|x86
		{FF6D09B3-2193-40E9-8C77-4643F3A82034}.Release|Mixed Platforms.Build.0 = Release|x86
		{FF6D09B3-2193-40E9-8C77-4643F3A82034}.Release|x86.ActiveCfg = Release|x86
		{FF6D09B3-2193-40E9-8C77-4643F3A82034}.Release|x86.Build.0 = Release|x86
		{58F23B7A-8B00-4DB3-AFB7-85B977939C8B}.Debug|Any CPU.ActiveCfg = Debug|x86
		{58F23B7A-8B00-4DB3-AFB7-85B977939C8B}.Debug|Mixed Platforms.ActiveCfg = Debug|x86
		{58F23B7A-8B00-4DB3-AFB7-85B977939C8B}.Debug|Mixed Platforms.Build.0 = Debug|x86
		{58F23B7A-8B00-4DB3-AFB7-85B977939C8B}.Debug|x86.ActiveCfg = Debug|x86
		{58F23B7A-8B00-4DB3-AFB7-85B977939C8B}.Debug|x86.Build.0 = Debug|x86
		{58F23B7A-8B00-4DB3-AFB7-85B977939C8B}.Release|Any CPU.ActiveCfg = Release|x86
		{58F23B7A-8B00-4DB3-AFB7-85B977939C8B}.Release|Mixed Platforms.ActiveCfg = Release|x86
		{58F23B7A-8B00-4DB3-AFB7-85B977939C8B}.Release|Mixed Platforms.Build.0 = Release|x86
		{58F23B7A-8B00-4DB3-AFB7-85B977939C8B}.Release|x86.ActiveCfg = Release|x86
		{58F23B7A-8B00-4DB3-AFB7-85B977939C8B}.Release|x86.Build.0 = Release|x86
		{47FE0268-EFFB-4A60-83D1-6B66D7182193}.Debug|Any CPU.ActiveCfg = Debug|Any CPU
		{47FE0268-EFFB-4A60-83D1-6B66D7182193}.Debug|Any CPU.Build.0 = Debug|Any CPU
		{47FE0268-EFFB-4A60-83D1-6B66D7182193}.Debug|Mixed Platforms.ActiveCfg = Debug|Any CPU
		{47FE0268-EFFB-4A60-83D1-6B66D7182193}.Debug|Mixed Platforms.Build.0 = Debug|Any CPU
		{47FE0268-EFFB-4A60-83D1-6B66D7182193}.Debug|x86.ActiveCfg = Debug|Any CPU
		{47FE0268-EFFB-4A60-83D1-6B66D7182193}.Release|Any CPU.ActiveCfg = Release|Any CPU
		{47FE0268-EFFB-4A60-83D1-6B66D7182193}.Release|Any CPU.Build.0 = Release|Any CPU
		{47FE0268-EFFB-4A60-83D1-6B66D7182193}.Release|Mixed Platforms.ActiveCfg = Release|Any CPU
		{47FE0268-EFFB-4A60-83D1-6B66D7182193}.Release|Mixed Platforms.Build.0 = Release|Any CPU
		{47FE0268-EFFB-4A60-83D1-6B66D7182193}.Release|x86.ActiveCfg = Release|Any CPU
		{DA3FD210-2B1D-4F16-9116-7F16C8BF9F5F}.Debug|Any CPU.ActiveCfg = Debug|Any CPU
		{DA3FD210-2B1D-4F16-9116-7F16C8BF9F5F}.Debug|Any CPU.Build.0 = Debug|Any CPU
		{DA3FD210-2B1D-4F16-9116-7F16C8BF9F5F}.Debug|Mixed Platforms.ActiveCfg = Debug|Any CPU
		{DA3FD210-2B1D-4F16-9116-7F16C8BF9F5F}.Debug|Mixed Platforms.Build.0 = Debug|Any CPU
		{DA3FD210-2B1D-4F16-9116-7F16C8BF9F5F}.Debug|x86.ActiveCfg = Debug|Any CPU
		{DA3FD210-2B1D-4F16-9116-7F16C8BF9F5F}.Release|Any CPU.ActiveCfg = Release|Any CPU
		{DA3FD210-2B1D-4F16-9116-7F16C8BF9F5F}.Release|Any CPU.Build.0 = Release|Any CPU
		{DA3FD210-2B1D-4F16-9116-7F16C8BF9F5F}.Release|Mixed Platforms.ActiveCfg = Release|Any CPU
		{DA3FD210-2B1D-4F16-9116-7F16C8BF9F5F}.Release|Mixed Platforms.Build.0 = Release|Any CPU
		{DA3FD210-2B1D-4F16-9116-7F16C8BF9F5F}.Release|x86.ActiveCfg = Release|Any CPU
	EndGlobalSection
	GlobalSection(SolutionProperties) = preSolution
		HideSolutionNode = FALSE
	EndGlobalSection
	GlobalSection(NestedProjects) = preSolution
		{F4F459D3-553D-4770-95E6-801379076F74} = {BEC8126E-3E5A-4808-8E37-E7748D9EB036}
		{6B1A4C86-A91B-4E25-AF28-92BCBB1F2DD4} = {BEC8126E-3E5A-4808-8E37-E7748D9EB036}
		{A7D461A8-D1F3-4A9F-8B9C-F93BA869B6F7} = {BEC8126E-3E5A-4808-8E37-E7748D9EB036}
		{1E03D17A-619A-4120-859B-199ECEA2F519} = {BEC8126E-3E5A-4808-8E37-E7748D9EB036}
		{2B30E992-3D07-403D-A4C2-5B5787BAE149} = {BEC8126E-3E5A-4808-8E37-E7748D9EB036}
		{311A819B-F24A-474B-BCA2-CE7268FE6580} = {F4F459D3-553D-4770-95E6-801379076F74}
		{DA5ABC3D-D77A-42D5-809F-C78C1A122619} = {F4F459D3-553D-4770-95E6-801379076F74}
		{FF6D09B3-2193-40E9-8C77-4643F3A82034} = {F4F459D3-553D-4770-95E6-801379076F74}
		{75F47F9E-8999-4259-B87E-A2768D4CA76A} = {6B1A4C86-A91B-4E25-AF28-92BCBB1F2DD4}
		{D3DF1FD5-618D-4D2F-B730-3D9D0B8DBC9A} = {6B1A4C86-A91B-4E25-AF28-92BCBB1F2DD4}
		{5B465F8A-BAE5-495A-9E15-E900BAA987DD} = {6B1A4C86-A91B-4E25-AF28-92BCBB1F2DD4}
		{B28E51EB-6520-4374-B4F0-0AEE1EB7BF3D} = {A7D461A8-D1F3-4A9F-8B9C-F93BA869B6F7}
		{C33DA03A-6328-4156-845D-3F73EA1B5B59} = {A7D461A8-D1F3-4A9F-8B9C-F93BA869B6F7}
		{EC3BE02B-F28F-470C-B6E0-EE6626D050FC} = {A7D461A8-D1F3-4A9F-8B9C-F93BA869B6F7}
		{9677979A-9154-4D0E-8980-9A49F98FF1A0} = {1E03D17A-619A-4120-859B-199ECEA2F519}
		{607EE030-507D-46F7-A41C-B03106AEE8D8} = {1E03D17A-619A-4120-859B-199ECEA2F519}
		{2C899289-6128-405E-A755-22DFEB11E0CB} = {2B30E992-3D07-403D-A4C2-5B5787BAE149}
		{07F69C55-AB41-4058-A8CD-553C11F162D3} = {2B30E992-3D07-403D-A4C2-5B5787BAE149}
		{58F23B7A-8B00-4DB3-AFB7-85B977939C8B} = {2B30E992-3D07-403D-A4C2-5B5787BAE149}
		{BEC8126E-3E5A-4808-8E37-E7748D9EB036} = {743F5C4B-EC96-4174-BA11-F788AC120E96}
		{8F257455-A4E3-4980-B60F-D3BE6063AB35} = {743F5C4B-EC96-4174-BA11-F788AC120E96}
		{AB5483AE-73C9-4446-BD2E-1FA331A4502D} = {743F5C4B-EC96-4174-BA11-F788AC120E96}
		{47FE0268-EFFB-4A60-83D1-6B66D7182193} = {8F257455-A4E3-4980-B60F-D3BE6063AB35}
		{9AE20600-407F-4BC0-93BE-C85BB86A9411} = {8F257455-A4E3-4980-B60F-D3BE6063AB35}
		{97AAE905-B922-4E11-84A2-628BC3E55633} = {8F257455-A4E3-4980-B60F-D3BE6063AB35}
		{DA3FD210-2B1D-4F16-9116-7F16C8BF9F5F} = {8F257455-A4E3-4980-B60F-D3BE6063AB35}
		{67B21638-9A49-4BE7-9DC9-809AB579806B} = {4E23A281-4104-41C4-B5E3-5A837366AB84}
		{A5C23FE0-AF99-4DC2-8BCA-64CD5E03B518} = {4E23A281-4104-41C4-B5E3-5A837366AB84}
		{63523CE3-A3D7-4824-928F-E280DCC46883} = {4E23A281-4104-41C4-B5E3-5A837366AB84}
		{533022D3-A5BB-4611-9260-5F74A5EF6B5B} = {4E23A281-4104-41C4-B5E3-5A837366AB84}
		{11E4D537-B412-4EED-A920-045737BA89EA} = {4E23A281-4104-41C4-B5E3-5A837366AB84}
		{7834BCAE-92EC-419F-BE6C-D1B221802E7F} = {4E23A281-4104-41C4-B5E3-5A837366AB84}
	EndGlobalSection
EndGlobal
